{
  "name": "nm-first-go",
  "version": "1.0.0",
  "lockfileVersion": 1,
  "requires": true,
  "dependencies": {
    "tonal": {
      "version": "3.0.0-alpha1",
      "resolved": "https://registry.npmjs.org/tonal/-/tonal-3.0.0-alpha1.tgz",
      "integrity": "sha512-+DexBgXm1HyhQAYrPPeA/xDlusM6/DADSjBnZkVRsTSLJ/PiSnAg2NlmbzL+LKK7fOaaMkY6d10zH2o7en2NXw=="
    },
    "tonal-array": {
      "version": "2.2.1",
      "resolved": "https://registry.npmjs.org/tonal-array/-/tonal-array-2.2.1.tgz",
      "integrity": "sha512-Hmfaiibe/PUnpAyhKE2Q3VDCE3IY4XFL54qLP34f4SpDPnji1p4p92j8uerlTElMFvAav9djO+wD6n0W7M702Q==",
      "requires": {
        "tonal-note": "^2.2.1"
      }
    },
    "tonal-chord": {
      "version": "2.2.1",
      "resolved": "https://registry.npmjs.org/tonal-chord/-/tonal-chord-2.2.1.tgz",
      "integrity": "sha512-8NcMQf5wMCG+TO0vsHuXjzK3lMPcrP3egYf38rLlGwneXam1KLzcqr4/4LoUSpuOZowlRyvuAWRZRSSIAbjN4g==",
      "requires": {
        "tonal-dictionary": "^2.2.1",
        "tonal-distance": "^2.2.1",
        "tonal-note": "^2.2.1",
        "tonal-pcset": "^2.2.1"
      }
    },
    "tonal-detect": {
      "version": "2.2.1",
      "resolved": "https://registry.npmjs.org/tonal-detect/-/tonal-detect-2.2.1.tgz",
      "integrity": "sha512-MD5+ithCqCWqv/Fh2xAofbyt3pMxLe2q+JdAD94h+TINhgjPXpCyk0jmmLWkLOYKnzECQ+9IMnc22thi0VpAFg==",
      "requires": {
        "tonal-array": "^2.2.1",
        "tonal-dictionary": "^2.2.1",
        "tonal-note": "^2.2.1",
        "tonal-pcset": "^2.2.1"
      }
    },
    "tonal-dictionary": {
      "version": "2.2.1",
      "resolved": "https://registry.npmjs.org/tonal-dictionary/-/tonal-dictionary-2.2.1.tgz",
      "integrity": "sha512-7xpPLzFvU18h/gzYSGXLkL863Da4609ZDXY6cR2CExrPjUuTyHQmICgz9JeoZLRnn24tRQr0mUJYp6oac7mxVQ==",
      "requires": {
        "tonal-array": "^2.2.1",
        "tonal-note": "^2.2.1",
        "tonal-pcset": "^2.2.1"
      }
    },
    "tonal-distance": {
      "version": "2.2.1",
      "resolved": "https://registry.npmjs.org/tonal-distance/-/tonal-distance-2.2.1.tgz",
      "integrity": "sha512-8nHlEdKGT2HOuVEa/NvOZDxhpaLBsyrvA8d06FbRoFJ9neSnjEKip4ynNJ5ij+uhfPwoSHCcyheMzepRBroMdQ==",
      "requires": {
        "tonal-interval": "^2.2.1",
        "tonal-note": "^2.2.1"
      }
    },
    "tonal-interval": {
      "version": "2.2.1",
      "resolved": "https://registry.npmjs.org/tonal-interval/-/tonal-interval-2.2.1.tgz",
      "integrity": "sha512-90TUFdo5Qlcmy3xoRDoumzwUqKIpgD9IpkmDwAtSxmDDZveV/WHiSjHX8+zKRiPrizi8oflibxDnvZO7RiTVlQ=="
    },
    "tonal-note": {
      "version": "2.2.1",
      "resolved": "https://registry.npmjs.org/tonal-note/-/tonal-note-2.2.1.tgz",
      "integrity": "sha512-anlxv8l26CjvesoCAE+Ru4atqSJjcnPO04IK1sLKi5cB8lzdJjk5xdqCP0Trq4yDPQSGiUbTIbA+hOSf4mCM4A=="
    },
    "tonal-pcset": {
      "version": "2.2.1",
      "resolved": "https://registry.npmjs.org/tonal-pcset/-/tonal-pcset-2.2.1.tgz",
      "integrity": "sha512-lclE33VYUm8m2PBTRdkNS/f4/ehcNcKSjh3e/IbnaD1OayEhxxs6mFjVbnT6cpbqG42M+ZK2prqfPsaVp75jlw==",
      "requires": {
        "tonal-array": "^2.2.1",
        "tonal-interval": "^2.2.1",
        "tonal-note": "^2.2.1"
      }
    }
  }
}
